
Microsoft Visual Studio Solution File, Format Version 12.00
# Visual Studio Version 16
VisualStudioVersion = 16.0.30413.136
MinimumVisualStudioVersion = 10.0.40219.1
Project("{FAE04EC0-301F-11D3-BF4B-00C04F79EFBC}") = "U2_Act4", "U2_Act4\U2_Act4.csproj", "{79199D07-3C06-4EB5-A989-E4DD9CE688BF}"
EndProject
Global
	GlobalSection(SolutionConfigurationPlatforms) = preSolution
		Debug|Any CPU = Debug|Any CPU
		Release|Any CPU = Release|Any CPU
	EndGlobalSection
	GlobalSection(ProjectConfigurationPlatforms) = postSolution
		{79199D07-3C06-4EB5-A989-E4DD9CE688BF}.Debug|Any CPU.ActiveCfg = Debug|Any CPU
		{79199D07-3C06-4EB5-A989-E4DD9CE688BF}.Debug|Any CPU.Build.0 = Debug|Any CPU
		{79199D07-3C06-4EB5-A989-E4DD9CE688BF}.Release|Any CPU.ActiveCfg = Release|Any CPU
		{79199D07-3C06-4EB5-A989-E4DD9CE688BF}.Release|Any CPU.Build.0 = Release|Any CPU
	EndGlobalSection
	GlobalSection(SolutionProperties) = preSolution
		HideSolutionNode = FALSE
	EndGlobalSection
	GlobalSection(ExtensibilityGlobals) = postSolution
		SolutionGuid = {3830294F-E5B4-48E8-80B0-951A6252E10A}
	EndGlobalSection
EndGlobal
